
Microsoft Visual Studio Solution File, Format Version 12.00
# Visual Studio Version 17
VisualStudioVersion = 17.6.33801.468
MinimumVisualStudioVersion = 10.0.40219.1
Project("{FAE04EC0-301F-11D3-BF4B-00C04F79EFBC}") = "Backend", "Backend.csproj", "{4AC71E8B-E881-4FC0-A905-EAF68A01671C}"
EndProject
Global
	GlobalSection(SolutionConfigurationPlatforms) = preSolution
		Debug|Any CPU = Debug|Any CPU
		Release|Any CPU = Release|Any CPU
	EndGlobalSection
	GlobalSection(ProjectConfigurationPlatforms) = postSolution
		{4AC71E8B-E881-4FC0-A905-EAF68A01671C}.Debug|Any CPU.ActiveCfg = Debug|Any CPU
		{4AC71E8B-E881-4FC0-A905-EAF68A01671C}.Debug|Any CPU.Build.0 = Debug|Any CPU
		{4AC71E8B-E881-4FC0-A905-EAF68A01671C}.Release|Any CPU.ActiveCfg = Release|Any CPU
		{4AC71E8B-E881-4FC0-A905-EAF68A01671C}.Release|Any CPU.Build.0 = Release|Any CPU
	EndGlobalSection
	GlobalSection(SolutionProperties) = preSolution
		HideSolutionNode = FALSE
	EndGlobalSection
	GlobalSection(ExtensibilityGlobals) = postSolution
		SolutionGuid = {AF81454D-032B-4A31-9C02-9581E2080B09}
	EndGlobalSection
EndGlobal
